
Microsoft Visual Studio Solution File, Format Version 12.00
# Visual Studio 2012
Project("{FAE04EC0-301F-11D3-BF4B-00C04F79EFBC}") = "Ozoneserviceapp", "Ozoneserviceapp\Ozoneserviceapp.csproj", "{50BDBB09-7659-4A53-874D-6FBD1A43268B}"
EndProject
Global
	GlobalSection(SolutionConfigurationPlatforms) = preSolution
		Debug|Any CPU = Debug|Any CPU
		Release|Any CPU = Release|Any CPU
	EndGlobalSection
	GlobalSection(ProjectConfigurationPlatforms) = postSolution
		{50BDBB09-7659-4A53-874D-6FBD1A43268B}.Debug|Any CPU.ActiveCfg = Debug|Any CPU
		{50BDBB09-7659-4A53-874D-6FBD1A43268B}.Debug|Any CPU.Build.0 = Debug|Any CPU
		{50BDBB09-7659-4A53-874D-6FBD1A43268B}.Release|Any CPU.ActiveCfg = Release|Any CPU
		{50BDBB09-7659-4A53-874D-6FBD1A43268B}.Release|Any CPU.Build.0 = Release|Any CPU
	EndGlobalSection
	GlobalSection(SolutionProperties) = preSolution
		HideSolutionNode = FALSE
	EndGlobalSection
EndGlobal
